
Microsoft Visual Studio Solution File, Format Version 12.00
# Visual Studio Version 16
VisualStudioVersion = 16.0.29905.134
MinimumVisualStudioVersion = 10.0.40219.1
Project("{F184B08F-C81C-45F6-A57F-5ABD9991F28F}") = "EcomApp", "EcomApp\EcomApp.vbproj", "{8A08CEF3-EBD6-476B-80FE-F5954C125C93}"
EndProject
Global
	GlobalSection(SolutionConfigurationPlatforms) = preSolution
		Debug|Any CPU = Debug|Any CPU
		Release|Any CPU = Release|Any CPU
	EndGlobalSection
	GlobalSection(ProjectConfigurationPlatforms) = postSolution
		{8A08CEF3-EBD6-476B-80FE-F5954C125C93}.Debug|Any CPU.ActiveCfg = Debug|Any CPU
		{8A08CEF3-EBD6-476B-80FE-F5954C125C93}.Debug|Any CPU.Build.0 = Debug|Any CPU
		{8A08CEF3-EBD6-476B-80FE-F5954C125C93}.Release|Any CPU.ActiveCfg = Release|Any CPU
		{8A08CEF3-EBD6-476B-80FE-F5954C125C93}.Release|Any CPU.Build.0 = Release|Any CPU
	EndGlobalSection
	GlobalSection(SolutionProperties) = preSolution
		HideSolutionNode = FALSE
	EndGlobalSection
	GlobalSection(ExtensibilityGlobals) = postSolution
		SolutionGuid = {BFA75AC0-259B-4941-AB7B-620FB6E8F425}
	EndGlobalSection
EndGlobal
